
Microsoft Visual Studio Solution File, Format Version 12.00
# Visual Studio Version 16
VisualStudioVersion = 16.0.29709.97
MinimumVisualStudioVersion = 10.0.40219.1
Project("{FAE04EC0-301F-11D3-BF4B-00C04F79EFBC}") = "VideoPlayer.UWP", "VideoPlayer\VideoPlayer.UWP\VideoPlayer.UWP.csproj", "{6153F507-EA60-479F-AF96-91E34C383F9F}"
EndProject
Project("{FAE04EC0-301F-11D3-BF4B-00C04F79EFBC}") = "VideoPlayer.Android", "VideoPlayer\VideoPlayer.Android\VideoPlayer.Android.csproj", "{8A2312F8-6CB6-42B8-B76C-82E54AEA787D}"
EndProject
Project("{FAE04EC0-301F-11D3-BF4B-00C04F79EFBC}") = "VideoPlayer.iOS", "VideoPlayer\VideoPlayer.iOS\VideoPlayer.iOS.csproj", "{122EB85B-E58C-4B4D-9C84-9420E3625BCC}"
EndProject
Project("{FAE04EC0-301F-11D3-BF4B-00C04F79EFBC}") = "VideoPlayer", "VideoPlayer\VideoPlayer\VideoPlayer.csproj", "{C7F83A4E-CC6C-4066-9EC7-7825A1103D69}"
EndProject
Global
	GlobalSection(SolutionConfigurationPlatforms) = preSolution
		Debug|Any CPU = Debug|Any CPU
		Debug|ARM = Debug|ARM
		Debug|iPhone = Debug|iPhone
		Debug|iPhoneSimulator = Debug|iPhoneSimulator
		Debug|x64 = Debug|x64
		Debug|x86 = Debug|x86
		Release|Any CPU = Release|Any CPU
		Release|ARM = Release|ARM
		Release|iPhone = Release|iPhone
		Release|iPhoneSimulator = Release|iPhoneSimulator
		Release|x64 = Release|x64
		Release|x86 = Release|x86
	EndGlobalSection
	GlobalSection(ProjectConfigurationPlatforms) = postSolution
		{6153F507-EA60-479F-AF96-91E34C383F9F}.Debug|Any CPU.ActiveCfg = Debug|x86
		{6153F507-EA60-479F-AF96-91E34C383F9F}.Debug|Any CPU.Build.0 = Debug|x86
		{6153F507-EA60-479F-AF96-91E34C383F9F}.Debug|Any CPU.Deploy.0 = Debug|x86
		{6153F507-EA60-479F-AF96-91E34C383F9F}.Debug|ARM.ActiveCfg = Debug|ARM
		{6153F507-EA60-479F-AF96-91E34C383F9F}.Debug|ARM.Build.0 = Debug|ARM
		{6153F507-EA60-479F-AF96-91E34C383F9F}.Debug|ARM.Deploy.0 = Debug|ARM
		{6153F507-EA60-479F-AF96-91E34C383F9F}.Debug|iPhone.ActiveCfg = Debug|x86
		{6153F507-EA60-479F-AF96-91E34C383F9F}.Debug|iPhone.Build.0 = Debug|x86
		{6153F507-EA60-479F-AF96-91E34C383F9F}.Debug|iPhone.Deploy.0 = Debug|x86
		{6153F507-EA60-479F-AF96-91E34C383F9F}.Debug|iPhoneSimulator.ActiveCfg = Debug|x86
		{6153F507-EA60-479F-AF96-91E34C383F9F}.Debug|iPhoneSimulator.Build.0 = Debug|x86
		{6153F507-EA60-479F-AF96-91E34C383F9F}.Debug|iPhoneSimulator.Deploy.0 = Debug|x86
		{6153F507-EA60-479F-AF96-91E34C383F9F}.Debug|x64.ActiveCfg = Debug|x64
		{6153F507-EA60-479F-AF96-91E34C383F9F}.Debug|x64.Build.0 = Debug|x64
		{6153F507-EA60-479F-AF96-91E34C383F9F}.Debug|x64.Deploy.0 = Debug|x64
		{6153F507-EA60-479F-AF96-91E34C383F9F}.Debug|x86.ActiveCfg = Debug|x86
		{6153F507-EA60-479F-AF96-91E34C383F9F}.Debug|x86.Build.0 = Debug|x86
		{6153F507-EA60-479F-AF96-91E34C383F9F}.Debug|x86.Deploy.0 = Debug|x86
		{6153F507-EA60-479F-AF96-91E34C383F9F}.Release|Any CPU.ActiveCfg = Release|x86
		{6153F507-EA60-479F-AF96-91E34C383F9F}.Release|Any CPU.Build.0 = Release|x86
		{6153F507-EA60-479F-AF96-91E34C383F9F}.Release|Any CPU.Deploy.0 = Release|x86
		{6153F507-EA60-479F-AF96-91E34C383F9F}.Release|ARM.ActiveCfg = Release|ARM
		{6153F507-EA60-479F-AF96-91E34C383F9F}.Release|ARM.Build.0 = Release|ARM
		{6153F507-EA60-479F-AF96-91E34C383F9F}.Release|ARM.Deploy.0 = Release|ARM
		{6153F507-EA60-479F-AF96-91E34C383F9F}.Release|iPhone.ActiveCfg = Release|x86
		{6153F507-EA60-479F-AF96-91E34C383F9F}.Release|iPhone.Build.0 = Release|x86
		{6153F507-EA60-479F-AF96-91E34C383F9F}.Release|iPhone.Deploy.0 = Release|x86
		{6153F507-EA60-479F-AF96-91E34C383F9F}.Release|iPhoneSimulator.ActiveCfg = Release|x86
		{6153F507-EA60-479F-AF96-91E34C383F9F}.Release|iPhoneSimulator.Build.0 = Release|x86
		{6153F507-EA60-479F-AF96-91E34C383F9F}.Release|iPhoneSimulator.Deploy.0 = Release|x86
		{6153F507-EA60-479F-AF96-91E34C383F9F}.Release|x64.ActiveCfg = Release|x64
		{6153F507-EA60-479F-AF96-91E34C383F9F}.Release|x64.Build.0 = Release|x64
		{6153F507-EA60-479F-AF96-91E34C383F9F}.Release|x64.Deploy.0 = Release|x64
		{6153F507-EA60-479F-AF96-91E34C383F9F}.Release|x86.ActiveCfg = Release|x86
		{6153F507-EA60-479F-AF96-91E34C383F9F}.Release|x86.Build.0 = Release|x86
		{6153F507-EA60-479F-AF96-91E34C383F9F}.Release|x86.Deploy.0 = Release|x86
		{8A2312F8-6CB6-42B8-B76C-82E54AEA787D}.Debug|Any CPU.ActiveCfg = Debug|Any CPU
		{8A2312F8-6CB6-42B8-B76C-82E54AEA787D}.Debug|Any CPU.Build.0 = Debug|Any CPU
		{8A2312F8-6CB6-42B8-B76C-82E54AEA787D}.Debug|Any CPU.Deploy.0 = Debug|Any CPU
		{8A2312F8-6CB6-42B8-B76C-82E54AEA787D}.Debug|ARM.ActiveCfg = Debug|Any CPU
		{8A2312F8-6CB6-42B8-B76C-82E54AEA787D}.Debug|ARM.Build.0 = Debug|Any CPU
		{8A2312F8-6CB6-42B8-B76C-82E54AEA787D}.Debug|ARM.Deploy.0 = Debug|Any CPU
		{8A2312F8-6CB6-42B8-B76C-82E54AEA787D}.Debug|iPhone.ActiveCfg = Debug|Any CPU
		{8A2312F8-6CB6-42B8-B76C-82E54AEA787D}.Debug|iPhone.Build.0 = Debug|Any CPU
		{8A2312F8-6CB6-42B8-B76C-82E54AEA787D}.Debug|iPhone.Deploy.0 = Debug|Any CPU
		{8A2312F8-6CB6-42B8-B76C-82E54AEA787D}.Debug|iPhoneSimulator.ActiveCfg = Debug|Any CPU
		{8A2312F8-6CB6-42B8-B76C-82E54AEA787D}.Debug|iPhoneSimulator.Build.0 = Debug|Any CPU
		{8A2312F8-6CB6-42B8-B76C-82E54AEA787D}.Debug|iPhoneSimulator.Deploy.0 = Debug|Any CPU
		{8A2312F8-6CB6-42B8-B76C-82E54AEA787D}.Debug|x64.ActiveCfg = Debug|Any CPU
		{8A2312F8-6CB6-42B8-B76C-82E54AEA787D}.Debug|x64.Build.0 = Debug|Any CPU
		{8A2312F8-6CB6-42B8-B76C-82E54AEA787D}.Debug|x64.Deploy.0 = Debug|Any CPU
		{8A2312F8-6CB6-42B8-B76C-82E54AEA787D}.Debug|x86.ActiveCfg = Debug|Any CPU
		{8A2312F8-6CB6-42B8-B76C-82E54AEA787D}.Debug|x86.Build.0 = Debug|Any CPU
		{8A2312F8-6CB6-42B8-B76C-82E54AEA787D}.Debug|x86.Deploy.0 = Debug|Any CPU
		{8A2312F8-6CB6-42B8-B76C-82E54AEA787D}.Release|Any CPU.ActiveCfg = Release|Any CPU
		{8A2312F8-6CB6-42B8-B76C-82E54AEA787D}.Release|Any CPU.Build.0 = Release|Any CPU
		{8A2312F8-6CB6-42B8-B76C-82E54AEA787D}.Release|Any CPU.Deploy.0 = Release|Any CPU
		{8A2312F8-6CB6-42B8-B76C-82E54AEA787D}.Release|ARM.ActiveCfg = Release|Any CPU
		{8A2312F8-6CB6-42B8-B76C-82E54AEA787D}.Release|ARM.Build.0 = Release|Any CPU
		{8A2312F8-6CB6-42B8-B76C-82E54AEA787D}.Release|ARM.Deploy.0 = Release|Any CPU
		{8A2312F8-6CB6-42B8-B76C-82E54AEA787D}.Release|iPhone.ActiveCfg = Release|Any CPU
		{8A2312F8-6CB6-42B8-B76C-82E54AEA787D}.Release|iPhone.Build.0 = Release|Any CPU
		{8A2312F8-6CB6-42B8-B76C-82E54AEA787D}.Release|iPhone.Deploy.0 = Release|Any CPU
		{8A2312F8-6CB6-42B8-B76C-82E54AEA787D}.Release|iPhoneSimulator.ActiveCfg = Release|Any CPU
		{8A2312F8-6CB6-42B8-B76C-82E54AEA787D}.Release|iPhoneSimulator.Build.0 = Release|Any CPU
		{8A2312F8-6CB6-42B8-B76C-82E54AEA787D}.Release|iPhoneSimulator.Deploy.0 = Release|Any CPU
		{8A2312F8-6CB6-42B8-B76C-82E54AEA787D}.Release|x64.ActiveCfg = Release|Any CPU
		{8A2312F8-6CB6-42B8-B76C-82E54AEA787D}.Release|x64.Build.0 = Release|Any CPU
		{8A2312F8-6CB6-42B8-B76C-82E54AEA787D}.Release|x64.Deploy.0 = Release|Any CPU
		{8A2312F8-6CB6-42B8-B76C-82E54AEA787D}.Release|x86.ActiveCfg = Release|Any CPU
		{8A2312F8-6CB6-42B8-B76C-82E54AEA787D}.Release|x86.Build.0 = Release|Any CPU
		{8A2312F8-6CB6-42B8-B76C-82E54AEA787D}.Release|x86.Deploy.0 = Release|Any CPU
		{122EB85B-E58C-4B4D-9C84-9420E3625BCC}.Debug|Any CPU.ActiveCfg = Debug|iPhone
		{122EB85B-E58C-4B4D-9C84-9420E3625BCC}.Debug|Any CPU.Build.0 = Debug|iPhone
		{122EB85B-E58C-4B4D-9C84-9420E3625BCC}.Debug|Any CPU.Deploy.0 = Debug|iPhone
		{122EB85B-E58C-4B4D-9C84-9420E3625BCC}.Debug|ARM.ActiveCfg = Debug|iPhoneSimulator
		{122EB85B-E58C-4B4D-9C84-9420E3625BCC}.Debug|ARM.Build.0 = Debug|iPhoneSimulator
		{122EB85B-E58C-4B4D-9C84-9420E3625BCC}.Debug|ARM.Deploy.0 = Debug|iPhoneSimulator
		{122EB85B-E58C-4B4D-9C84-9420E3625BCC}.Debug|iPhone.ActiveCfg = Debug|iPhone
		{122EB85B-E58C-4B4D-9C84-9420E3625BCC}.Debug|iPhone.Build.0 = Debug|iPhone
		{122EB85B-E58C-4B4D-9C84-9420E3625BCC}.Debug|iPhone.Deploy.0 = Debug|iPhone
		{122EB85B-E58C-4B4D-9C84-9420E3625BCC}.Debug|iPhoneSimulator.ActiveCfg = Debug|iPhoneSimulator
		{122EB85B-E58C-4B4D-9C84-9420E3625BCC}.Debug|iPhoneSimulator.Build.0 = Debug|iPhoneSimulator
		{122EB85B-E58C-4B4D-9C84-9420E3625BCC}.Debug|iPhoneSimulator.Deploy.0 = Debug|iPhoneSimulator
		{122EB85B-E58C-4B4D-9C84-9420E3625BCC}.Debug|x64.ActiveCfg = Debug|iPhone
		{122EB85B-E58C-4B4D-9C84-9420E3625BCC}.Debug|x64.Build.0 = Debug|iPhone
		{122EB85B-E58C-4B4D-9C84-9420E3625BCC}.Debug|x64.Deploy.0 = Debug|iPhone
		{122EB85B-E58C-4B4D-9C84-9420E3625BCC}.Debug|x86.ActiveCfg = Debug|iPhone
		{122EB85B-E58C-4B4D-9C84-9420E3625BCC}.Debug|x86.Build.0 = Debug|iPhone
		{122EB85B-E58C-4B4D-9C84-9420E3625BCC}.Debug|x86.Deploy.0 = Debug|iPhone
		{122EB85B-E58C-4B4D-9C84-9420E3625BCC}.Release|Any CPU.ActiveCfg = Release|iPhone
		{122EB85B-E58C-4B4D-9C84-9420E3625BCC}.Release|Any CPU.Build.0 = Release|iPhone
		{122EB85B-E58C-4B4D-9C84-9420E3625BCC}.Release|Any CPU.Deploy.0 = Release|iPhone
		{122EB85B-E58C-4B4D-9C84-9420E3625BCC}.Release|ARM.ActiveCfg = Release|iPhone
		{122EB85B-E58C-4B4D-9C84-9420E3625BCC}.Release|ARM.Build.0 = Release|iPhone
		{122EB85B-E58C-4B4D-9C84-9420E3625BCC}.Release|ARM.Deploy.0 = Release|iPhone
		{122EB85B-E58C-4B4D-9C84-9420E3625BCC}.Release|iPhone.ActiveCfg = Release|iPhone
		{122EB85B-E58C-4B4D-9C84-9420E3625BCC}.Release|iPhone.Build.0 = Release|iPhone
		{122EB85B-E58C-4B4D-9C84-9420E3625BCC}.Release|iPhone.Deploy.0 = Release|iPhone
		{122EB85B-E58C-4B4D-9C84-9420E3625BCC}.Release|iPhoneSimulator.ActiveCfg = Release|iPhoneSimulator
		{122EB85B-E58C-4B4D-9C84-9420E3625BCC}.Release|iPhoneSimulator.Build.0 = Release|iPhoneSimulator
		{122EB85B-E58C-4B4D-9C84-9420E3625BCC}.Release|iPhoneSimulator.Deploy.0 = Release|iPhoneSimulator
		{122EB85B-E58C-4B4D-9C84-9420E3625BCC}.Release|x64.ActiveCfg = Release|iPhone
		{122EB85B-E58C-4B4D-9C84-9420E3625BCC}.Release|x64.Build.0 = Release|iPhone
		{122EB85B-E58C-4B4D-9C84-9420E3625BCC}.Release|x64.Deploy.0 = Release|iPhone
		{122EB85B-E58C-4B4D-9C84-9420E3625BCC}.Release|x86.ActiveCfg = Release|iPhone
		{122EB85B-E58C-4B4D-9C84-9420E3625BCC}.Release|x86.Build.0 = Release|iPhone
		{122EB85B-E58C-4B4D-9C84-9420E3625BCC}.Release|x86.Deploy.0 = Release|iPhone
		{C7F83A4E-CC6C-4066-9EC7-7825A1103D69}.Debug|Any CPU.ActiveCfg = Debug|Any CPU
		{C7F83A4E-CC6C-4066-9EC7-7825A1103D69}.Debug|Any CPU.Build.0 = Debug|Any CPU
		{C7F83A4E-CC6C-4066-9EC7-7825A1103D69}.Debug|Any CPU.Deploy.0 = Debug|Any CPU
		{C7F83A4E-CC6C-4066-9EC7-7825A1103D69}.Debug|ARM.ActiveCfg = Debug|Any CPU
		{C7F83A4E-CC6C-4066-9EC7-7825A1103D69}.Debug|ARM.Build.0 = Debug|Any CPU
		{C7F83A4E-CC6C-4066-9EC7-7825A1103D69}.Debug|ARM.Deploy.0 = Debug|Any CPU
		{C7F83A4E-CC6C-4066-9EC7-7825A1103D69}.Debug|iPhone.ActiveCfg = Debug|Any CPU
		{C7F83A4E-CC6C-4066-9EC7-7825A1103D69}.Debug|iPhone.Build.0 = Debug|Any CPU
		{C7F83A4E-CC6C-4066-9EC7-7825A1103D69}.Debug|iPhone.Deploy.0 = Debug|Any CPU
		{C7F83A4E-CC6C-4066-9EC7-7825A1103D69}.Debug|iPhoneSimulator.ActiveCfg = Debug|Any CPU
		{C7F83A4E-CC6C-4066-9EC7-7825A1103D69}.Debug|iPhoneSimulator.Build.0 = Debug|Any CPU
		{C7F83A4E-CC6C-4066-9EC7-7825A1103D69}.Debug|iPhoneSimulator.Deploy.0 = Debug|Any CPU
		{C7F83A4E-CC6C-4066-9EC7-7825A1103D69}.Debug|x64.ActiveCfg = Debug|Any CPU
		{C7F83A4E-CC6C-4066-9EC7-7825A1103D69}.Debug|x64.Build.0 = Debug|Any CPU
		{C7F83A4E-CC6C-4066-9EC7-7825A1103D69}.Debug|x64.Deploy.0 = Debug|Any CPU
		{C7F83A4E-CC6C-4066-9EC7-7825A1103D69}.Debug|x86.ActiveCfg = Debug|Any CPU
		{C7F83A4E-CC6C-4066-9EC7-7825A1103D69}.Debug|x86.Build.0 = Debug|Any CPU
		{C7F83A4E-CC6C-4066-9EC7-7825A1103D69}.Debug|x86.Deploy.0 = Debug|Any CPU
		{C7F83A4E-CC6C-4066-9EC7-7825A1103D69}.Release|Any CPU.ActiveCfg = Release|Any CPU
		{C7F83A4E-CC6C-4066-9EC7-7825A1103D69}.Release|Any CPU.Build.0 = Release|Any CPU
		{C7F83A4E-CC6C-4066-9EC7-7825A1103D69}.Release|Any CPU.Deploy.0 = Release|Any CPU
		{C7F83A4E-CC6C-4066-9EC7-7825A1103D69}.Release|ARM.ActiveCfg = Release|Any CPU
		{C7F83A4E-CC6C-4066-9EC7-7825A1103D69}.Release|ARM.Build.0 = Release|Any CPU
		{C7F83A4E-CC6C-4066-9EC7-7825A1103D69}.Release|ARM.Deploy.0 = Release|Any CPU
		{C7F83A4E-CC6C-4066-9EC7-7825A1103D69}.Release|iPhone.ActiveCfg = Release|Any CPU
		{C7F83A4E-CC6C-4066-9EC7-7825A1103D69}.Release|iPhone.Build.0 = Release|Any CPU
		{C7F83A4E-CC6C-4066-9EC7-7825A1103D69}.Release|iPhone.Deploy.0 = Release|Any CPU
		{C7F83A4E-CC6C-4066-9EC7-7825A1103D69}.Release|iPhoneSimulator.ActiveCfg = Release|Any CPU
		{C7F83A4E-CC6C-4066-9EC7-7825A1103D69}.Release|iPhoneSimulator.Build.0 = Release|Any CPU
		{C7F83A4E-CC6C-4066-9EC7-7825A1103D69}.Release|iPhoneSimulator.Deploy.0 = Release|Any CPU
		{C7F83A4E-CC6C-4066-9EC7-7825A1103D69}.Release|x64.ActiveCfg = Release|Any CPU
		{C7F83A4E-CC6C-4066-9EC7-7825A1103D69}.Release|x64.Build.0 = Release|Any CPU
		{C7F83A4E-CC6C-4066-9EC7-7825A1103D69}.Release|x64.Deploy.0 = Release|Any CPU
		{C7F83A4E-CC6C-4066-9EC7-7825A1103D69}.Release|x86.ActiveCfg = Release|Any CPU
		{C7F83A4E-CC6C-4066-9EC7-7825A1103D69}.Release|x86.Build.0 = Release|Any CPU
		{C7F83A4E-CC6C-4066-9EC7-7825A1103D69}.Release|x86.Deploy.0 = Release|Any CPU
	EndGlobalSection
	GlobalSection(SolutionProperties) = preSolution
		HideSolutionNode = FALSE
	EndGlobalSection
	GlobalSection(ExtensibilityGlobals) = postSolution
		SolutionGuid = {339E6A30-8F3B-4CA9-B759-E1D5436AA060}
	EndGlobalSection
EndGlobal
